
Microsoft Visual Studio Solution File, Format Version 12.00
# Visual Studio 15
Project("{FAE04EC0-301F-11D3-BF4B-00C04F79EFBC}") = "Obi", "Obi.csproj", "{C806FA36-FCD2-98B4-68F0-BBC670A6770C}"
EndProject
Project("{FAE04EC0-301F-11D3-BF4B-00C04F79EFBC}") = "Assembly-CSharp", "Assembly-CSharp.csproj", "{D181B1CC-2710-152A-8D9C-F0AD415C7E7F}"
EndProject
Project("{FAE04EC0-301F-11D3-BF4B-00C04F79EFBC}") = "UTJ.NormalView", "UTJ.NormalView.csproj", "{D3C5CCCA-0484-A258-5A7A-1C2B7F958443}"
EndProject
Project("{FAE04EC0-301F-11D3-BF4B-00C04F79EFBC}") = "Obi.Editor", "Obi.Editor.csproj", "{558349B1-F286-B902-2807-E0F12E6A3314}"
EndProject
Global
	GlobalSection(SolutionConfigurationPlatforms) = preSolution
		Debug|Any CPU = Debug|Any CPU
		Release|Any CPU = Release|Any CPU
	EndGlobalSection
	GlobalSection(ProjectConfigurationPlatforms) = postSolution
		{C806FA36-FCD2-98B4-68F0-BBC670A6770C}.Debug|Any CPU.ActiveCfg = Debug|Any CPU
		{C806FA36-FCD2-98B4-68F0-BBC670A6770C}.Debug|Any CPU.Build.0 = Debug|Any CPU
		{C806FA36-FCD2-98B4-68F0-BBC670A6770C}.Release|Any CPU.ActiveCfg = Release|Any CPU
		{C806FA36-FCD2-98B4-68F0-BBC670A6770C}.Release|Any CPU.Build.0 = Release|Any CPU
		{D181B1CC-2710-152A-8D9C-F0AD415C7E7F}.Debug|Any CPU.ActiveCfg = Debug|Any CPU
		{D181B1CC-2710-152A-8D9C-F0AD415C7E7F}.Debug|Any CPU.Build.0 = Debug|Any CPU
		{D181B1CC-2710-152A-8D9C-F0AD415C7E7F}.Release|Any CPU.ActiveCfg = Release|Any CPU
		{D181B1CC-2710-152A-8D9C-F0AD415C7E7F}.Release|Any CPU.Build.0 = Release|Any CPU
		{D3C5CCCA-0484-A258-5A7A-1C2B7F958443}.Debug|Any CPU.ActiveCfg = Debug|Any CPU
		{D3C5CCCA-0484-A258-5A7A-1C2B7F958443}.Debug|Any CPU.Build.0 = Debug|Any CPU
		{D3C5CCCA-0484-A258-5A7A-1C2B7F958443}.Release|Any CPU.ActiveCfg = Release|Any CPU
		{D3C5CCCA-0484-A258-5A7A-1C2B7F958443}.Release|Any CPU.Build.0 = Release|Any CPU
		{558349B1-F286-B902-2807-E0F12E6A3314}.Debug|Any CPU.ActiveCfg = Debug|Any CPU
		{558349B1-F286-B902-2807-E0F12E6A3314}.Debug|Any CPU.Build.0 = Debug|Any CPU
		{558349B1-F286-B902-2807-E0F12E6A3314}.Release|Any CPU.ActiveCfg = Release|Any CPU
		{558349B1-F286-B902-2807-E0F12E6A3314}.Release|Any CPU.Build.0 = Release|Any CPU
	EndGlobalSection
	GlobalSection(SolutionProperties) = preSolution
		HideSolutionNode = FALSE
	EndGlobalSection
EndGlobal
